<?xml version="1.0" encoding="UTF-8"?>

<Project ToolsVersion="15.0" xmlns="http://schemas.microsoft.com/developer/msbuild/2003">
  <ItemGroup>
    <Filter Include="Tunefish4\Plugin">
      <UniqueIdentifier>{A448B45A-D98F-A40B-91BC-9B47BE93138F}</UniqueIdentifier>
    </Filter>
    <Filter Include="Tunefish4\synth">
      <UniqueIdentifier>{7104A543-1050-645F-2DC2-084AF43EE7F6}</UniqueIdentifier>
    </Filter>
    <Filter Include="Tunefish4\runtime">
      <UniqueIdentifier>{4B4306E2-AA5A-8DC1-9BF2-E61916B26738}</UniqueIdentifier>
    </Filter>
    <Filter Include="Tunefish4">
      <UniqueIdentifier>{A5800524-2838-1CCB-31BE-7F9F83850FAE}</UniqueIdentifier>
    </Filter>
    <Filter Include="Juce Library Code">
      <UniqueIdentifier>{8B4D1BAA-6DB4-CAEC-A0FA-271F354D5C61}</UniqueIdentifier>
    </Filter>
  </ItemGroup>
  <ItemGroup>
    <ClCompile Include="..\..\Source\tfsynthprogram.cpp">
      <Filter>Tunefish4\Plugin</Filter>
    </ClCompile>
    <ClCompile Include="..\..\Source\tflookandfeel.cpp">
      <Filter>Tunefish4\Plugin</Filter>
    </ClCompile>
    <ClCompile Include="..\..\Source\PluginProcessor.cpp">
      <Filter>Tunefish4\Plugin</Filter>
    </ClCompile>
    <ClCompile Include="..\..\Source\PluginEditor.cpp">
      <Filter>Tunefish4\Plugin</Filter>
    </ClCompile>
    <ClCompile Include="..\..\Source\synth\tf4.cpp">
      <Filter>Tunefish4\synth</Filter>
    </ClCompile>
    <ClCompile Include="..\..\Source\synth\tf4fx.cpp">
      <Filter>Tunefish4\synth</Filter>
    </ClCompile>
    <ClCompile Include="..\..\Source\synth\tfrecorder.cpp">
      <Filter>Tunefish4\synth</Filter>
    </ClCompile>
    <ClCompile Include="..\..\Source\runtime\array.cpp">
      <Filter>Tunefish4\runtime</Filter>
    </ClCompile>
    <ClCompile Include="..\..\Source\runtime\random.cpp">
      <Filter>Tunefish4\runtime</Filter>
    </ClCompile>
    <ClCompile Include="..\..\Source\runtime\runtime.cpp">
      <Filter>Tunefish4\runtime</Filter>
    </ClCompile>
    <ClCompile Include="..\..\Source\runtime\simd.cpp">
      <Filter>Tunefish4\runtime</Filter>
    </ClCompile>
    <ClCompile Include="..\..\JuceLibraryCode\include_juce_audio_basics.cpp">
      <Filter>Juce Library Code</Filter>
    </ClCompile>
    <ClCompile Include="..\..\JuceLibraryCode\include_juce_audio_devices.cpp">
      <Filter>Juce Library Code</Filter>
    </ClCompile>
    <ClCompile Include="..\..\JuceLibraryCode\include_juce_audio_formats.cpp">
      <Filter>Juce Library Code</Filter>
    </ClCompile>
    <ClCompile Include="..\..\JuceLibraryCode\include_juce_audio_plugin_client_LV2.cpp">
      <Filter>Juce Library Code</Filter>
    </ClCompile>
    <ClCompile Include="..\..\JuceLibraryCode\include_juce_audio_plugin_client_utils.cpp">
      <Filter>Juce Library Code</Filter>
    </ClCompile>
    <ClCompile Include="..\..\JuceLibraryCode\include_juce_audio_processors.cpp">
      <Filter>Juce Library Code</Filter>
    </ClCompile>
    <ClCompile Include="..\..\JuceLibraryCode\include_juce_audio_utils.cpp">
      <Filter>Juce Library Code</Filter>
    </ClCompile>
    <ClCompile Include="..\..\JuceLibraryCode\include_juce_core.cpp">
      <Filter>Juce Library Code</Filter>
    </ClCompile>
    <ClCompile Include="..\..\JuceLibraryCode\include_juce_cryptography.cpp">
      <Filter>Juce Library Code</Filter>
    </ClCompile>
    <ClCompile Include="..\..\JuceLibraryCode\include_juce_data_structures.cpp">
      <Filter>Juce Library Code</Filter>
    </ClCompile>
    <ClCompile Include="..\..\JuceLibraryCode\include_juce_events.cpp">
      <Filter>Juce Library Code</Filter>
    </ClCompile>
    <ClCompile Include="..\..\JuceLibraryCode\include_juce_graphics.cpp">
      <Filter>Juce Library Code</Filter>
    </ClCompile>
    <ClCompile Include="..\..\JuceLibraryCode\include_juce_gui_basics.cpp">
      <Filter>Juce Library Code</Filter>
    </ClCompile>
    <ClCompile Include="..\..\JuceLibraryCode\include_juce_gui_extra.cpp">
      <Filter>Juce Library Code</Filter>
    </ClCompile>
    <ClCompile Include="..\..\JuceLibraryCode\include_juce_opengl.cpp">
      <Filter>Juce Library Code</Filter>
    </ClCompile>
    <ClCompile Include="..\..\JuceLibraryCode\include_juce_video.cpp">
      <Filter>Juce Library Code</Filter>
    </ClCompile>
  </ItemGroup>
  <ItemGroup>
    <ClInclude Include="..\..\Source\factorypatches.hpp">
      <Filter>Tunefish4\Plugin</Filter>
    </ClInclude>
    <ClInclude Include="..\..\Source\tfsynthprogram.hpp">
      <Filter>Tunefish4\Plugin</Filter>
    </ClInclude>
    <ClInclude Include="..\..\Source\tflookandfeel.h">
      <Filter>Tunefish4\Plugin</Filter>
    </ClInclude>
    <ClInclude Include="..\..\Source\PluginProcessor.h">
      <Filter>Tunefish4\Plugin</Filter>
    </ClInclude>
    <ClInclude Include="..\..\Source\PluginEditor.h">
      <Filter>Tunefish4\Plugin</Filter>
    </ClInclude>
    <ClInclude Include="..\..\Source\synth\tf4.hpp">
      <Filter>Tunefish4\synth</Filter>
    </ClInclude>
    <ClInclude Include="..\..\Source\synth\tf4fx.hpp">
      <Filter>Tunefish4\synth</Filter>
    </ClInclude>
    <ClInclude Include="..\..\Source\synth\tfrecorder.hpp">
      <Filter>Tunefish4\synth</Filter>
    </ClInclude>
    <ClInclude Include="..\..\Source\runtime\array.hpp">
      <Filter>Tunefish4\runtime</Filter>
    </ClInclude>
    <ClInclude Include="..\..\Source\runtime\random.hpp">
      <Filter>Tunefish4\runtime</Filter>
    </ClInclude>
    <ClInclude Include="..\..\Source\runtime\runtime.hpp">
      <Filter>Tunefish4\runtime</Filter>
    </ClInclude>
    <ClInclude Include="..\..\Source\runtime\simd.hpp">
      <Filter>Tunefish4\runtime</Filter>
    </ClInclude>
    <ClInclude Include="..\..\Source\runtime\system.hpp">
      <Filter>Tunefish4\runtime</Filter>
    </ClInclude>
    <ClInclude Include="..\..\Source\runtime\types.hpp">
      <Filter>Tunefish4\runtime</Filter>
    </ClInclude>
    <ClInclude Include="..\..\JuceLibraryCode\AppConfig.h">
      <Filter>Juce Library Code</Filter>
    </ClInclude>
    <ClInclude Include="..\..\JuceLibraryCode\JuceHeader.h">
      <Filter>Juce Library Code</Filter>
    </ClInclude>
  </ItemGroup>
  <ItemGroup>
    <ResourceCompile Include=".\resources.rc">
      <Filter>Juce Library Code</Filter>
    </ResourceCompile>
  </ItemGroup>
</Project>
